// !$*UTF8*$!
{
	archiveVersion = 1;
	classes = {
	};
	objectVersion = 77;
	objects = {

/* Begin PBXBuildFile section */
		18B78C6DC55475AC5D1DF081 /* TeleprompterView.swift in Sources */ = {isa = PBXBuildFile; fileRef = 1EB00E9501BB3A06490F76EB /* TeleprompterView.swift */; };
		217C4BB01095D2EFFF92CEFA /* NotchPanel.swift in Sources */ = {isa = PBXBuildFile; fileRef = 19D3F9B00EEAB1E96A87B83A /* NotchPanel.swift */; };
		32362A69BAD4F37092E21341 /* ScriptsView.swift in Sources */ = {isa = PBXBuildFile; fileRef = 89F9D7A9DA622341FD4EC247 /* ScriptsView.swift */; };
		465208962B94EA4E31B04078 /* EyelineKit in Frameworks */ = {isa = PBXBuildFile; productRef = 05A627A608E04B15BC5E2DD4 /* EyelineKit */; };
		4F4D2A13561EEE3192DD4920 /* MicLevelMeter.swift in Sources */ = {isa = PBXBuildFile; fileRef = EBEDA99A5BD7E01D500F1417 /* MicLevelMeter.swift */; };
		9158C0E959A353B0600305E3 /* EyelineApp.swift in Sources */ = {isa = PBXBuildFile; fileRef = 50E207A5ED0C550289A9717D /* EyelineApp.swift */; };
		9B19F18B14F1FC4D4CBD9A7E /* PanelMetrics.swift in Sources */ = {isa = PBXBuildFile; fileRef = 3CFD4AAA887C4C00C9D619D8 /* PanelMetrics.swift */; };
		A00D6E6A169E48BB775BADC4 /* ScriptLibraryViewModel.swift in Sources */ = {isa = PBXBuildFile; fileRef = 8E8CBD74FC12E5202DC02050 /* ScriptLibraryViewModel.swift */; };
		A0F2108F8450B861DCF6FD3F /* MicPermission.swift in Sources */ = {isa = PBXBuildFile; fileRef = CA1B11C1BA7CB44AF7D6035E /* MicPermission.swift */; };
		AA4BABD1A60BA4405200F006 /* NotchController.swift in Sources */ = {isa = PBXBuildFile; fileRef = E43009D7A794DB98103695D4 /* NotchController.swift */; };
		AD9458295D16A20969A0F5A5 /* AppDelegate.swift in Sources */ = {isa = PBXBuildFile; fileRef = 2882A470D9EFE259C50F4BD0 /* AppDelegate.swift */; };
		D22F7EB97F98D33439B641B6 /* ScriptsWindowController.swift in Sources */ = {isa = PBXBuildFile; fileRef = 971428897E1A3F45D0BEF86C /* ScriptsWindowController.swift */; };
/* End PBXBuildFile section */

/* Begin PBXFileReference section */
		19D3F9B00EEAB1E96A87B83A /* NotchPanel.swift */ = {isa = PBXFileReference; lastKnownFileType = sourcecode.swift; path = NotchPanel.swift; sourceTree = "<group>"; };
		1EB00E9501BB3A06490F76EB /* TeleprompterView.swift */ = {isa = PBXFileReference; lastKnownFileType = sourcecode.swift; path = TeleprompterView.swift; sourceTree = "<group>"; };
		1F926B06390EE2A0327070EF /* EyelineKit */ = {isa = PBXFileReference; lastKnownFileType = folder; name = EyelineKit; path = EyelineKit; sourceTree = SOURCE_ROOT; };
		2882A470D9EFE259C50F4BD0 /* AppDelegate.swift */ = {isa = PBXFileReference; lastKnownFileType = sourcecode.swift; path = AppDelegate.swift; sourceTree = "<group>"; };
		3CFD4AAA887C4C00C9D619D8 /* PanelMetrics.swift */ = {isa = PBXFileReference; lastKnownFileType = sourcecode.swift; path = PanelMetrics.swift; sourceTree = "<group>"; };
		50E207A5ED0C550289A9717D /* EyelineApp.swift */ = {isa = PBXFileReference; lastKnownFileType = sourcecode.swift; path = EyelineApp.swift; sourceTree = "<group>"; };
		89F9D7A9DA622341FD4EC247 /* ScriptsView.swift */ = {isa = PBXFileReference; lastKnownFileType = sourcecode.swift; path = ScriptsView.swift; sourceTree = "<group>"; };
		8E8CBD74FC12E5202DC02050 /* ScriptLibraryViewModel.swift */ = {isa = PBXFileReference; lastKnownFileType = sourcecode.swift; path = ScriptLibraryViewModel.swift; sourceTree = "<group>"; };
		971428897E1A3F45D0BEF86C /* ScriptsWindowController.swift */ = {isa = PBXFileReference; lastKnownFileType = sourcecode.swift; path = ScriptsWindowController.swift; sourceTree = "<group>"; };
		CA1B11C1BA7CB44AF7D6035E /* MicPermission.swift */ = {isa = PBXFileReference; lastKnownFileType = sourcecode.swift; path = MicPermission.swift; sourceTree = "<group>"; };
		E43009D7A794DB98103695D4 /* NotchController.swift */ = {isa = PBXFileReference; lastKnownFileType = sourcecode.swift; path = NotchController.swift; sourceTree = "<group>"; };
		EBEDA99A5BD7E01D500F1417 /* MicLevelMeter.swift */ = {isa = PBXFileReference; lastKnownFileType = sourcecode.swift; path = MicLevelMeter.swift; sourceTree = "<group>"; };
		F3D8033D307D432FDAD763A8 /* Eyeline.app */ = {isa = PBXFileReference; explicitFileType = wrapper.application; includeInIndex = 0; path = Eyeline.app; sourceTree = BUILT_PRODUCTS_DIR; };
/* End PBXFileReference section */

/* Begin PBXFrameworksBuildPhase section */
		90D1669FCB0AFCF4F032E3B6 /* Frameworks */ = {
			isa = PBXFrameworksBuildPhase;
			buildActionMask = 2147483647;
			files = (
				465208962B94EA4E31B04078 /* EyelineKit in Frameworks */,
			);
			runOnlyForDeploymentPostprocessing = 0;
		};
/* End PBXFrameworksBuildPhase section */

/* Begin PBXGroup section */
		5CDA291C5A027CFB6E4266E4 /* Packages */ = {
			isa = PBXGroup;
			children = (
				1F926B06390EE2A0327070EF /* EyelineKit */,
			);
			name = Packages;
			sourceTree = "<group>";
		};
		A1DDBF8092E9B2241CB943F8 /* Eyeline */ = {
			isa = PBXGroup;
			children = (
				2882A470D9EFE259C50F4BD0 /* AppDelegate.swift */,
				50E207A5ED0C550289A9717D /* EyelineApp.swift */,
				EBEDA99A5BD7E01D500F1417 /* MicLevelMeter.swift */,
				CA1B11C1BA7CB44AF7D6035E /* MicPermission.swift */,
				E43009D7A794DB98103695D4 /* NotchController.swift */,
				19D3F9B00EEAB1E96A87B83A /* NotchPanel.swift */,
				3CFD4AAA887C4C00C9D619D8 /* PanelMetrics.swift */,
				8E8CBD74FC12E5202DC02050 /* ScriptLibraryViewModel.swift */,
				89F9D7A9DA622341FD4EC247 /* ScriptsView.swift */,
				971428897E1A3F45D0BEF86C /* ScriptsWindowController.swift */,
				1EB00E9501BB3A06490F76EB /* TeleprompterView.swift */,
			);
			path = Eyeline;
			sourceTree = "<group>";
		};
		A822853FF6E059E30778F6FC /* Products */ = {
			isa = PBXGroup;
			children = (
				F3D8033D307D432FDAD763A8 /* Eyeline.app */,
			);
			name = Products;
			sourceTree = "<group>";
		};
		EDB79BB88AE08D5703C3E452 = {
			isa = PBXGroup;
			children = (
				A1DDBF8092E9B2241CB943F8 /* Eyeline */,
				5CDA291C5A027CFB6E4266E4 /* Packages */,
				A822853FF6E059E30778F6FC /* Products */,
			);
			sourceTree = "<group>";
		};
/* End PBXGroup section */

/* Begin PBXNativeTarget section */
		9F58E9941BB17A0F9A455121 /* Eyeline */ = {
			isa = PBXNativeTarget;
			buildConfigurationList = 53FF353D72B9436E77BEAA2B /* Build configuration list for PBXNativeTarget "Eyeline" */;
			buildPhases = (
				35ECEAFDEB43FD2D51597FF8 /* Sources */,
				90D1669FCB0AFCF4F032E3B6 /* Frameworks */,
			);
			buildRules = (
			);
			dependencies = (
			);
			name = Eyeline;
			packageProductDependencies = (
				05A627A608E04B15BC5E2DD4 /* EyelineKit */,
			);
			productName = Eyeline;
			productReference = F3D8033D307D432FDAD763A8 /* Eyeline.app */;
			productType = "com.apple.product-type.application";
		};
/* End PBXNativeTarget section */

/* Begin PBXProject section */
		CDABE679921B89E9DF82D32B /* Project object */ = {
			isa = PBXProject;
			attributes = {
				BuildIndependentTargetsInParallel = YES;
				LastUpgradeCheck = 1430;
				TargetAttributes = {
					9F58E9941BB17A0F9A455121 = {
						ProvisioningStyle = Manual;
					};
				};
			};
			buildConfigurationList = 37D6BC3EF4590335F1C04D47 /* Build configuration list for PBXProject "Eyeline" */;
			developmentRegion = en;
			hasScannedForEncodings = 0;
			knownRegions = (
				Base,
				en,
			);
			mainGroup = EDB79BB88AE08D5703C3E452;
			minimizedProjectReferenceProxies = 1;
			packageReferences = (
				5E940FC36B87D66409E44222 /* XCLocalSwiftPackageReference "EyelineKit" */,
			);
			preferredProjectObjectVersion = 77;
			productRefGroup = A822853FF6E059E30778F6FC /* Products */;
			projectDirPath = "";
			projectRoot = "";
			targets = (
				9F58E9941BB17A0F9A455121 /* Eyeline */,
			);
		};
/* End PBXProject section */

/* Begin PBXSourcesBuildPhase section */
		35ECEAFDEB43FD2D51597FF8 /* Sources */ = {
			isa = PBXSourcesBuildPhase;
			buildActionMask = 2147483647;
			files = (
				AD9458295D16A20969A0F5A5 /* AppDelegate.swift in Sources */,
				9158C0E959A353B0600305E3 /* EyelineApp.swift in Sources */,
				4F4D2A13561EEE3192DD4920 /* MicLevelMeter.swift in Sources */,
				A0F2108F8450B861DCF6FD3F /* MicPermission.swift in Sources */,
				AA4BABD1A60BA4405200F006 /* NotchController.swift in Sources */,
				217C4BB01095D2EFFF92CEFA /* NotchPanel.swift in Sources */,
				9B19F18B14F1FC4D4CBD9A7E /* PanelMetrics.swift in Sources */,
				A00D6E6A169E48BB775BADC4 /* ScriptLibraryViewModel.swift in Sources */,
				32362A69BAD4F37092E21341 /* ScriptsView.swift in Sources */,
				D22F7EB97F98D33439B641B6 /* ScriptsWindowController.swift in Sources */,
				18B78C6DC55475AC5D1DF081 /* TeleprompterView.swift in Sources */,
			);
			runOnlyForDeploymentPostprocessing = 0;
		};
/* End PBXSourcesBuildPhase section */

/* Begin XCBuildConfiguration section */
		4162BF4C05EA77699F328F12 /* Release */ = {
			isa = XCBuildConfiguration;
			buildSettings = {
				ALWAYS_SEARCH_USER_PATHS = NO;
				CLANG_ANALYZER_NONNULL = YES;
				CLANG_ANALYZER_NUMBER_OBJECT_CONVERSION = YES_AGGRESSIVE;
				CLANG_CXX_LANGUAGE_STANDARD = "gnu++14";
				CLANG_CXX_LIBRARY = "libc++";
				CLANG_ENABLE_MODULES = YES;
				CLANG_ENABLE_OBJC_ARC = YES;
				CLANG_ENABLE_OBJC_WEAK = YES;
				CLANG_WARN_BLOCK_CAPTURE_AUTORELEASING = YES;
				CLANG_WARN_BOOL_CONVERSION = YES;
				CLANG_WARN_COMMA = YES;
				CLANG_WARN_CONSTANT_CONVERSION = YES;
				CLANG_WARN_DEPRECATED_OBJC_IMPLEMENTATIONS = YES;
				CLANG_WARN_DIRECT_OBJC_ISA_USAGE = YES_ERROR;
				CLANG_WARN_DOCUMENTATION_COMMENTS = YES;
				CLANG_WARN_EMPTY_BODY = YES;
				CLANG_WARN_ENUM_CONVERSION = YES;
				CLANG_WARN_INFINITE_RECURSION = YES;
				CLANG_WARN_INT_CONVERSION = YES;
				CLANG_WARN_NON_LITERAL_NULL_CONVERSION = YES;
				CLANG_WARN_OBJC_IMPLICIT_RETAIN_SELF = YES;
				CLANG_WARN_OBJC_LITERAL_CONVERSION = YES;
				CLANG_WARN_OBJC_ROOT_CLASS = YES_ERROR;
				CLANG_WARN_QUOTED_INCLUDE_IN_FRAMEWORK_HEADER = YES;
				CLANG_WARN_RANGE_LOOP_ANALYSIS = YES;
				CLANG_WARN_STRICT_PROTOTYPES = YES;
				CLANG_WARN_SUSPICIOUS_MOVE = YES;
				CLANG_WARN_UNGUARDED_AVAILABILITY = YES_AGGRESSIVE;
				CLANG_WARN_UNREACHABLE_CODE = YES;
				CLANG_WARN__DUPLICATE_METHOD_MATCH = YES;
				COPY_PHASE_STRIP = NO;
				DEBUG_INFORMATION_FORMAT = "dwarf-with-dsym";
				ENABLE_NS_ASSERTIONS = NO;
				ENABLE_STRICT_OBJC_MSGSEND = YES;
				GCC_C_LANGUAGE_STANDARD = gnu11;
				GCC_NO_COMMON_BLOCKS = YES;
				GCC_WARN_64_TO_32_BIT_CONVERSION = YES;
				GCC_WARN_ABOUT_RETURN_TYPE = YES_ERROR;
				GCC_WARN_UNDECLARED_SELECTOR = YES;
				GCC_WARN_UNINITIALIZED_AUTOS = YES_AGGRESSIVE;
				GCC_WARN_UNUSED_FUNCTION = YES;
				GCC_WARN_UNUSED_VARIABLE = YES;
				MACOSX_DEPLOYMENT_TARGET = 14.0;
				MTL_ENABLE_DEBUG_INFO = NO;
				MTL_FAST_MATH = YES;
				PRODUCT_NAME = "$(TARGET_NAME)";
				SDKROOT = macosx;
				SWIFT_COMPILATION_MODE = wholemodule;
				SWIFT_OPTIMIZATION_LEVEL = "-O";
				SWIFT_VERSION = 5.0;
			};
			name = Release;
		};
		647E9EF7E300D2594895E606 /* Debug */ = {
			isa = XCBuildConfiguration;
			buildSettings = {
				ASSETCATALOG_COMPILER_APPICON_NAME = AppIcon;
				CODE_SIGN_IDENTITY = "-";
				CODE_SIGN_STYLE = Manual;
				COMBINE_HIDPI_IMAGES = YES;
				CURRENT_PROJECT_VERSION = 1;
				GENERATE_INFOPLIST_FILE = YES;
				INFOPLIST_KEY_LSUIElement = YES;
				INFOPLIST_KEY_NSMicrophoneUsageDescription = "Eyeline follows your voice to auto-scroll the teleprompter. Audio is processed on-device and never recorded or sent anywhere.";
				LD_RUNPATH_SEARCH_PATHS = (
					"$(inherited)",
					"@executable_path/../Frameworks",
				);
				MARKETING_VERSION = 0.0.1;
				PRODUCT_BUNDLE_IDENTIFIER = com.sgulati.Eyeline;
				SDKROOT = macosx;
				SWIFT_VERSION = 5.0;
			};
			name = Debug;
		};
		6A8868BB1A3CE8F2823CFEE7 /* Debug */ = {
			isa = XCBuildConfiguration;
			buildSettings = {
				ALWAYS_SEARCH_USER_PATHS = NO;
				CLANG_ANALYZER_NONNULL = YES;
				CLANG_ANALYZER_NUMBER_OBJECT_CONVERSION = YES_AGGRESSIVE;
				CLANG_CXX_LANGUAGE_STANDARD = "gnu++14";
				CLANG_CXX_LIBRARY = "libc++";
				CLANG_ENABLE_MODULES = YES;
				CLANG_ENABLE_OBJC_ARC = YES;
				CLANG_ENABLE_OBJC_WEAK = YES;
				CLANG_WARN_BLOCK_CAPTURE_AUTORELEASING = YES;
				CLANG_WARN_BOOL_CONVERSION = YES;
				CLANG_WARN_COMMA = YES;
				CLANG_WARN_CONSTANT_CONVERSION = YES;
				CLANG_WARN_DEPRECATED_OBJC_IMPLEMENTATIONS = YES;
				CLANG_WARN_DIRECT_OBJC_ISA_USAGE = YES_ERROR;
				CLANG_WARN_DOCUMENTATION_COMMENTS = YES;
				CLANG_WARN_EMPTY_BODY = YES;
				CLANG_WARN_ENUM_CONVERSION = YES;
				CLANG_WARN_INFINITE_RECURSION = YES;
				CLANG_WARN_INT_CONVERSION = YES;
				CLANG_WARN_NON_LITERAL_NULL_CONVERSION = YES;
				CLANG_WARN_OBJC_IMPLICIT_RETAIN_SELF = YES;
				CLANG_WARN_OBJC_LITERAL_CONVERSION = YES;
				CLANG_WARN_OBJC_ROOT_CLASS = YES_ERROR;
				CLANG_WARN_QUOTED_INCLUDE_IN_FRAMEWORK_HEADER = YES;
				CLANG_WARN_RANGE_LOOP_ANALYSIS = YES;
				CLANG_WARN_STRICT_PROTOTYPES = YES;
				CLANG_WARN_SUSPICIOUS_MOVE = YES;
				CLANG_WARN_UNGUARDED_AVAILABILITY = YES_AGGRESSIVE;
				CLANG_WARN_UNREACHABLE_CODE = YES;
				CLANG_WARN__DUPLICATE_METHOD_MATCH = YES;
				COPY_PHASE_STRIP = NO;
				DEBUG_INFORMATION_FORMAT = dwarf;
				ENABLE_STRICT_OBJC_MSGSEND = YES;
				ENABLE_TESTABILITY = YES;
				GCC_C_LANGUAGE_STANDARD = gnu11;
				GCC_DYNAMIC_NO_PIC = NO;
				GCC_NO_COMMON_BLOCKS = YES;
				GCC_OPTIMIZATION_LEVEL = 0;
				GCC_PREPROCESSOR_DEFINITIONS = (
					"$(inherited)",
					"DEBUG=1",
				);
				GCC_WARN_64_TO_32_BIT_CONVERSION = YES;
				GCC_WARN_ABOUT_RETURN_TYPE = YES_ERROR;
				GCC_WARN_UNDECLARED_SELECTOR = YES;
				GCC_WARN_UNINITIALIZED_AUTOS = YES_AGGRESSIVE;
				GCC_WARN_UNUSED_FUNCTION = YES;
				GCC_WARN_UNUSED_VARIABLE = YES;
				MACOSX_DEPLOYMENT_TARGET = 14.0;
				MTL_ENABLE_DEBUG_INFO = INCLUDE_SOURCE;
				MTL_FAST_MATH = YES;
				ONLY_ACTIVE_ARCH = YES;
				PRODUCT_NAME = "$(TARGET_NAME)";
				SDKROOT = macosx;
				SWIFT_ACTIVE_COMPILATION_CONDITIONS = DEBUG;
				SWIFT_OPTIMIZATION_LEVEL = "-Onone";
				SWIFT_VERSION = 5.0;
			};
			name = Debug;
		};
		AAEAB840ACDFB5AD922144CB /* Release */ = {
			isa = XCBuildConfiguration;
			buildSettings = {
				ASSETCATALOG_COMPILER_APPICON_NAME = AppIcon;
				CODE_SIGN_IDENTITY = "-";
				CODE_SIGN_STYLE = Manual;
				COMBINE_HIDPI_IMAGES = YES;
				CURRENT_PROJECT_VERSION = 1;
				GENERATE_INFOPLIST_FILE = YES;
				INFOPLIST_KEY_LSUIElement = YES;
				INFOPLIST_KEY_NSMicrophoneUsageDescription = "Eyeline follows your voice to auto-scroll the teleprompter. Audio is processed on-device and never recorded or sent anywhere.";
				LD_RUNPATH_SEARCH_PATHS = (
					"$(inherited)",
					"@executable_path/../Frameworks",
				);
				MARKETING_VERSION = 0.0.1;
				PRODUCT_BUNDLE_IDENTIFIER = com.sgulati.Eyeline;
				SDKROOT = macosx;
				SWIFT_VERSION = 5.0;
			};
			name = Release;
		};
/* End XCBuildConfiguration section */

/* Begin XCConfigurationList section */
		37D6BC3EF4590335F1C04D47 /* Build configuration list for PBXProject "Eyeline" */ = {
			isa = XCConfigurationList;
			buildConfigurations = (
				6A8868BB1A3CE8F2823CFEE7 /* Debug */,
				4162BF4C05EA77699F328F12 /* Release */,
			);
			defaultConfigurationIsVisible = 0;
			defaultConfigurationName = Debug;
		};
		53FF353D72B9436E77BEAA2B /* Build configuration list for PBXNativeTarget "Eyeline" */ = {
			isa = XCConfigurationList;
			buildConfigurations = (
				647E9EF7E300D2594895E606 /* Debug */,
				AAEAB840ACDFB5AD922144CB /* Release */,
			);
			defaultConfigurationIsVisible = 0;
			defaultConfigurationName = Debug;
		};
/* End XCConfigurationList section */

/* Begin XCLocalSwiftPackageReference section */
		5E940FC36B87D66409E44222 /* XCLocalSwiftPackageReference "EyelineKit" */ = {
			isa = XCLocalSwiftPackageReference;
			relativePath = EyelineKit;
		};
/* End XCLocalSwiftPackageReference section */

/* Begin XCSwiftPackageProductDependency section */
		05A627A608E04B15BC5E2DD4 /* EyelineKit */ = {
			isa = XCSwiftPackageProductDependency;
			productName = EyelineKit;
		};
/* End XCSwiftPackageProductDependency section */
	};
	rootObject = CDABE679921B89E9DF82D32B /* Project object */;
}
